
Microsoft Visual Studio Solution File, Format Version 12.00
# Visual Studio 14
VisualStudioVersion = 14.0.25420.1
MinimumVisualStudioVersion = 10.0.40219.1
Project("{FAE04EC0-301F-11D3-BF4B-00C04F79EFBC}") = "MapleSeed", "MapleSeed\MapleSeed.csproj", "{07945F9B-70DC-4360-8D8B-D1991D6D722F}"
EndProject
Project("{FAE04EC0-301F-11D3-BF4B-00C04F79EFBC}") = "MapleLib", "MapleLib\MapleLib.csproj", "{4375D4C0-FEF9-46F5-942D-36C2EBE15672}"
	ProjectSection(ProjectDependencies) = postProject
		{7E7322CA-1DB6-46D2-A753-76E1F696BD1C} = {7E7322CA-1DB6-46D2-A753-76E1F696BD1C}
	EndProjectSection
EndProject
Project("{FAE04EC0-301F-11D3-BF4B-00C04F79EFBC}") = "MapleCake", "MapleCake\MapleCake.csproj", "{77492B31-B4AF-45BE-A4AC-111E3010965E}"
EndProject
Project("{8BC9CEB8-8B4A-11D0-8D11-00A0C91BC942}") = "CDecrypt", "CDecrypt\CDecrypt.vcxproj", "{EFD4BB8C-2736-4DD8-A693-CA9B80A729A8}"
EndProject
Project("{FAE04EC0-301F-11D3-BF4B-00C04F79EFBC}") = "Maple.Net", "Maple.Net\Maple.Net.csproj", "{7658E8AE-5DD6-4AE3-9568-59CC41CFD5C4}"
EndProject
Project("{FAE04EC0-301F-11D3-BF4B-00C04F79EFBC}") = "Maple.Error", "Maple.Error\Maple.Error.csproj", "{21F4AC5A-ACF8-4EA6-9782-33F6A2FB7468}"
EndProject
Project("{FAE04EC0-301F-11D3-BF4B-00C04F79EFBC}") = "Maple.Extra", "Maple.Extra\Maple.Extra.csproj", "{7E7322CA-1DB6-46D2-A753-76E1F696BD1C}"
EndProject
Global
	GlobalSection(SolutionConfigurationPlatforms) = preSolution
		Debug|Any CPU = Debug|Any CPU
		Debug|x86 = Debug|x86
		Release|Any CPU = Release|Any CPU
		Release|x86 = Release|x86
	EndGlobalSection
	GlobalSection(ProjectConfigurationPlatforms) = postSolution
		{07945F9B-70DC-4360-8D8B-D1991D6D722F}.Debug|Any CPU.ActiveCfg = Release|x86
		{07945F9B-70DC-4360-8D8B-D1991D6D722F}.Debug|Any CPU.Build.0 = Release|x86
		{07945F9B-70DC-4360-8D8B-D1991D6D722F}.Debug|x86.ActiveCfg = Debug|x86
		{07945F9B-70DC-4360-8D8B-D1991D6D722F}.Debug|x86.Build.0 = Debug|x86
		{07945F9B-70DC-4360-8D8B-D1991D6D722F}.Release|Any CPU.ActiveCfg = Release|x86
		{07945F9B-70DC-4360-8D8B-D1991D6D722F}.Release|x86.ActiveCfg = Release|x86
		{07945F9B-70DC-4360-8D8B-D1991D6D722F}.Release|x86.Build.0 = Release|x86
		{4375D4C0-FEF9-46F5-942D-36C2EBE15672}.Debug|Any CPU.ActiveCfg = Release|x86
		{4375D4C0-FEF9-46F5-942D-36C2EBE15672}.Debug|Any CPU.Build.0 = Release|x86
		{4375D4C0-FEF9-46F5-942D-36C2EBE15672}.Debug|x86.ActiveCfg = Debug|x86
		{4375D4C0-FEF9-46F5-942D-36C2EBE15672}.Debug|x86.Build.0 = Debug|x86
		{4375D4C0-FEF9-46F5-942D-36C2EBE15672}.Release|Any CPU.ActiveCfg = Release|x86
		{4375D4C0-FEF9-46F5-942D-36C2EBE15672}.Release|x86.ActiveCfg = Release|x86
		{4375D4C0-FEF9-46F5-942D-36C2EBE15672}.Release|x86.Build.0 = Release|x86
		{77492B31-B4AF-45BE-A4AC-111E3010965E}.Debug|Any CPU.ActiveCfg = Release|x86
		{77492B31-B4AF-45BE-A4AC-111E3010965E}.Debug|Any CPU.Build.0 = Release|x86
		{77492B31-B4AF-45BE-A4AC-111E3010965E}.Debug|x86.ActiveCfg = Debug|x86
		{77492B31-B4AF-45BE-A4AC-111E3010965E}.Debug|x86.Build.0 = Debug|x86
		{77492B31-B4AF-45BE-A4AC-111E3010965E}.Release|Any CPU.ActiveCfg = Release|x86
		{77492B31-B4AF-45BE-A4AC-111E3010965E}.Release|x86.ActiveCfg = Release|x86
		{77492B31-B4AF-45BE-A4AC-111E3010965E}.Release|x86.Build.0 = Release|x86
		{EFD4BB8C-2736-4DD8-A693-CA9B80A729A8}.Debug|Any CPU.ActiveCfg = Release|Win32
		{EFD4BB8C-2736-4DD8-A693-CA9B80A729A8}.Debug|Any CPU.Build.0 = Release|Win32
		{EFD4BB8C-2736-4DD8-A693-CA9B80A729A8}.Debug|x86.ActiveCfg = Release|Win32
		{EFD4BB8C-2736-4DD8-A693-CA9B80A729A8}.Debug|x86.Build.0 = Release|Win32
		{EFD4BB8C-2736-4DD8-A693-CA9B80A729A8}.Release|Any CPU.ActiveCfg = Release|Win32
		{EFD4BB8C-2736-4DD8-A693-CA9B80A729A8}.Release|x86.ActiveCfg = Release|Win32
		{EFD4BB8C-2736-4DD8-A693-CA9B80A729A8}.Release|x86.Build.0 = Release|Win32
		{7658E8AE-5DD6-4AE3-9568-59CC41CFD5C4}.Debug|Any CPU.ActiveCfg = Debug|Any CPU
		{7658E8AE-5DD6-4AE3-9568-59CC41CFD5C4}.Debug|Any CPU.Build.0 = Debug|Any CPU
		{7658E8AE-5DD6-4AE3-9568-59CC41CFD5C4}.Debug|x86.ActiveCfg = Debug|Any CPU
		{7658E8AE-5DD6-4AE3-9568-59CC41CFD5C4}.Debug|x86.Build.0 = Debug|Any CPU
		{7658E8AE-5DD6-4AE3-9568-59CC41CFD5C4}.Release|Any CPU.ActiveCfg = Release|Any CPU
		{7658E8AE-5DD6-4AE3-9568-59CC41CFD5C4}.Release|Any CPU.Build.0 = Release|Any CPU
		{7658E8AE-5DD6-4AE3-9568-59CC41CFD5C4}.Release|x86.ActiveCfg = Release|Any CPU
		{7658E8AE-5DD6-4AE3-9568-59CC41CFD5C4}.Release|x86.Build.0 = Release|Any CPU
		{21F4AC5A-ACF8-4EA6-9782-33F6A2FB7468}.Debug|Any CPU.ActiveCfg = Debug|Any CPU
		{21F4AC5A-ACF8-4EA6-9782-33F6A2FB7468}.Debug|Any CPU.Build.0 = Debug|Any CPU
		{21F4AC5A-ACF8-4EA6-9782-33F6A2FB7468}.Debug|x86.ActiveCfg = Debug|Any CPU
		{21F4AC5A-ACF8-4EA6-9782-33F6A2FB7468}.Debug|x86.Build.0 = Debug|Any CPU
		{21F4AC5A-ACF8-4EA6-9782-33F6A2FB7468}.Release|Any CPU.ActiveCfg = Release|Any CPU
		{21F4AC5A-ACF8-4EA6-9782-33F6A2FB7468}.Release|Any CPU.Build.0 = Release|Any CPU
		{21F4AC5A-ACF8-4EA6-9782-33F6A2FB7468}.Release|x86.ActiveCfg = Release|Any CPU
		{21F4AC5A-ACF8-4EA6-9782-33F6A2FB7468}.Release|x86.Build.0 = Release|Any CPU
		{7E7322CA-1DB6-46D2-A753-76E1F696BD1C}.Debug|Any CPU.ActiveCfg = Debug|Any CPU
		{7E7322CA-1DB6-46D2-A753-76E1F696BD1C}.Debug|Any CPU.Build.0 = Debug|Any CPU
		{7E7322CA-1DB6-46D2-A753-76E1F696BD1C}.Debug|x86.ActiveCfg = Debug|Any CPU
		{7E7322CA-1DB6-46D2-A753-76E1F696BD1C}.Debug|x86.Build.0 = Debug|Any CPU
		{7E7322CA-1DB6-46D2-A753-76E1F696BD1C}.Release|Any CPU.ActiveCfg = Release|Any CPU
		{7E7322CA-1DB6-46D2-A753-76E1F696BD1C}.Release|Any CPU.Build.0 = Release|Any CPU
		{7E7322CA-1DB6-46D2-A753-76E1F696BD1C}.Release|x86.ActiveCfg = Release|Any CPU
		{7E7322CA-1DB6-46D2-A753-76E1F696BD1C}.Release|x86.Build.0 = Release|Any CPU
	EndGlobalSection
	GlobalSection(SolutionProperties) = preSolution
		HideSolutionNode = FALSE
	EndGlobalSection
EndGlobal
