<?xml version="1.0" encoding="utf-8"?>
<Project ToolsVersion="4.0" xmlns="http://schemas.microsoft.com/developer/msbuild/2003">
  <ItemGroup>
    <Filter Include="Common">
      <UniqueIdentifier>{74e13d95-9854-4846-a53a-51d83cba426e}</UniqueIdentifier>
    </Filter>
    <Filter Include="WiiU">
      <UniqueIdentifier>{974f50ca-f055-4e31-901e-670d3e494896}</UniqueIdentifier>
    </Filter>
    <Filter Include="Properties">
      <UniqueIdentifier>{80165f8b-58a5-4d3e-aa27-683766618dfa}</UniqueIdentifier>
    </Filter>
    <Filter Include="ThirdParty">
      <UniqueIdentifier>{dcca2128-2fed-4fd4-a115-069532a5795a}</UniqueIdentifier>
    </Filter>
    <Filter Include="Network">
      <UniqueIdentifier>{0fce9a48-a96b-47cb-af04-43de0a47a8c7}</UniqueIdentifier>
    </Filter>
    <Filter Include="Structures">
      <UniqueIdentifier>{1b159b88-8cf7-4a5f-9c33-b6c729e0cd16}</UniqueIdentifier>
    </Filter>
    <Filter Include="GUI">
      <UniqueIdentifier>{aea04024-4cf9-4835-be51-b78542757120}</UniqueIdentifier>
    </Filter>
    <Filter Include="Resources">
      <UniqueIdentifier>{73cc4dd1-f6a2-47b6-9000-aece191d11d0}</UniqueIdentifier>
    </Filter>
  </ItemGroup>
  <ItemGroup>
    <ClInclude Include="MapleTicket.h">
      <Filter>WiiU</Filter>
    </ClInclude>
    <ClInclude Include="targetver.h">
      <Filter>Properties</Filter>
    </ClInclude>
    <ClInclude Include="stdafx.h">
      <Filter>Properties</Filter>
    </ClInclude>
    <ClInclude Include="DownloadClient.h">
      <Filter>Network</Filter>
    </ClInclude>
    <ClInclude Include="TitleInfo.h">
      <Filter>Structures</Filter>
    </ClInclude>
    <ClInclude Include="MapleMini.h" />
    <ClInclude Include="ThirdParty\frozen.h">
      <Filter>ThirdParty</Filter>
    </ClInclude>
    <ClInclude Include="ThirdParty\rang.hpp">
      <Filter>ThirdParty</Filter>
    </ClInclude>
    <ClInclude Include="Tools.h">
      <Filter>Common</Filter>
    </ClInclude>
    <ClInclude Include="UIMain.h">
      <Filter>GUI</Filter>
    </ClInclude>
    <ClInclude Include="ThreadManager.h">
      <Filter>Common</Filter>
    </ClInclude>
    <ClInclude Include="Library.h">
      <Filter>Common</Filter>
    </ClInclude>
    <ClInclude Include="resource.h">
      <Filter>Resources</Filter>
    </ClInclude>
    <ClInclude Include="gen-versioninfo.h">
      <Filter>Resources</Filter>
    </ClInclude>
  </ItemGroup>
  <ItemGroup>
    <ClCompile Include="MapleMini.cpp" />
    <ClCompile Include="MapleTicket.cpp">
      <Filter>WiiU</Filter>
    </ClCompile>
    <ClCompile Include="stdafx.cpp">
      <Filter>Properties</Filter>
    </ClCompile>
    <ClCompile Include="DownloadClient.cpp">
      <Filter>Network</Filter>
    </ClCompile>
    <ClCompile Include="TitleInfo.cpp">
      <Filter>Structures</Filter>
    </ClCompile>
    <ClCompile Include="ThirdParty\frozen.c">
      <Filter>ThirdParty</Filter>
    </ClCompile>
    <ClCompile Include="Tools.cpp">
      <Filter>Common</Filter>
    </ClCompile>
    <ClCompile Include="main.cpp" />
    <ClCompile Include="UIMain.cpp">
      <Filter>GUI</Filter>
    </ClCompile>
    <ClCompile Include="ThreadManager.cpp">
      <Filter>Common</Filter>
    </ClCompile>
    <ClCompile Include="ThirdParty\cdecrypt.cpp">
      <Filter>ThirdParty</Filter>
    </ClCompile>
    <ClCompile Include="Library.cpp">
      <Filter>Common</Filter>
    </ClCompile>
  </ItemGroup>
  <ItemGroup>
    <Image Include="..\default.png">
      <Filter>Resources</Filter>
    </Image>
    <Image Include="..\MapleSeed.ico">
      <Filter>Resources</Filter>
    </Image>
  </ItemGroup>
  <ItemGroup>
    <ResourceCompile Include="MapleSeed++.rc">
      <Filter>Resources</Filter>
    </ResourceCompile>
  </ItemGroup>
</Project>